
Microsoft Visual Studio Solution File, Format Version 12.00
# Visual Studio 15
VisualStudioVersion = 15.0.28307.421
MinimumVisualStudioVersion = 10.0.40219.1
Project("{FAE04EC0-301F-11D3-BF4B-00C04F79EFBC}") = "EmployeeService", "EmployeeService\EmployeeService.csproj", "{9EDF1ADE-277A-4CC5-BA17-A13AC4E4DE69}"
EndProject
Project("{FAE04EC0-301F-11D3-BF4B-00C04F79EFBC}") = "EmployeeService.Tests", "EmployeeService.Tests\EmployeeService.Tests.csproj", "{57A967BC-22BC-4EB3-B7EF-C5A6EEBE453E}"
EndProject
Global
	GlobalSection(SolutionConfigurationPlatforms) = preSolution
		Debug|Any CPU = Debug|Any CPU
		Release|Any CPU = Release|Any CPU
	EndGlobalSection
	GlobalSection(ProjectConfigurationPlatforms) = postSolution
		{9EDF1ADE-277A-4CC5-BA17-A13AC4E4DE69}.Debug|Any CPU.ActiveCfg = Debug|Any CPU
		{9EDF1ADE-277A-4CC5-BA17-A13AC4E4DE69}.Debug|Any CPU.Build.0 = Debug|Any CPU
		{9EDF1ADE-277A-4CC5-BA17-A13AC4E4DE69}.Release|Any CPU.ActiveCfg = Release|Any CPU
		{9EDF1ADE-277A-4CC5-BA17-A13AC4E4DE69}.Release|Any CPU.Build.0 = Release|Any CPU
		{57A967BC-22BC-4EB3-B7EF-C5A6EEBE453E}.Debug|Any CPU.ActiveCfg = Debug|Any CPU
		{57A967BC-22BC-4EB3-B7EF-C5A6EEBE453E}.Debug|Any CPU.Build.0 = Debug|Any CPU
		{57A967BC-22BC-4EB3-B7EF-C5A6EEBE453E}.Release|Any CPU.ActiveCfg = Release|Any CPU
		{57A967BC-22BC-4EB3-B7EF-C5A6EEBE453E}.Release|Any CPU.Build.0 = Release|Any CPU
	EndGlobalSection
	GlobalSection(SolutionProperties) = preSolution
		HideSolutionNode = FALSE
	EndGlobalSection
	GlobalSection(ExtensibilityGlobals) = postSolution
		SolutionGuid = {74394D49-743E-46BE-BFCC-F1DE002D9ADB}
	EndGlobalSection
EndGlobal
